{
  "name": "eval",
  "version": "1.0.0",
  "lockfileVersion": 3,
  "requires": true,
  "packages": {
    "": {
      "name": "eval",
      "version": "1.0.0",
      "hasInstallScript": true,
      "license": "ISC",
      "dependencies": {
        "@github/copilot-sdk": "^0.1.32"
      }
    },
    "node_modules/@github/copilot": {
      "version": "1.0.82",
      "resolved": "https://registry.npmjs.org/@github/copilot/-/copilot-1.0.82.tgz",
      "integrity": "sha512-+mDIwBO3dCpL3k2rVLc4+1tFzqcVBTJNA/0co+okEpmCgcHjaz91Cqq7++pJKN5yJQuGC6bKangm7PSoheI1Xw==",
      "license": "SEE LICENSE IN LICENSE.md",
      "dependencies": {
        "detect-libc": "^2.1.2"
      },
      "bin": {
        "copilot": "npm-loader.js"
      },
      "optionalDependencies": {
        "@github/copilot-darwin-arm64": "1.0.82",
        "@github/copilot-darwin-x64": "1.0.82",
        "@github/copilot-linux-arm64": "1.0.82",
        "@github/copilot-linux-x64": "1.0.82",
        "@github/copilot-linuxmusl-arm64": "1.0.82",
        "@github/copilot-linuxmusl-x64": "1.0.82",
        "@github/copilot-win32-arm64": "1.0.82",
        "@github/copilot-win32-x64": "1.0.82"
      }
    },
    "node_modules/@github/copilot-darwin-arm64": {
      "version": "1.0.82",
      "resolved": "https://registry.npmjs.org/@github/copilot-darwin-arm64/-/copilot-darwin-arm64-1.0.82.tgz",
      "integrity": "sha512-UpVSFA0COmlIakAr7/6WJqJlabtKgY8y5en6La3IxGxXsLlbkGoeevSqyfXvqJyHxaGn0YGpOC1oEPL379JfCw==",
      "cpu": [
        "arm64"
      ],
      "license": "SEE LICENSE IN LICENSE.md",
      "optional": true,
      "os": [
        "darwin"
      ],
      "bin": {
        "copilot-darwin-arm64": "copilot"
      }
    },
    "node_modules/@github/copilot-darwin-x64": {
      "version": "1.0.82",
      "resolved": "https://registry.npmjs.org/@github/copilot-darwin-x64/-/copilot-darwin-x64-1.0.82.tgz",
      "integrity": "sha512-wMKbxK8fpKsbATjn9dE31Pae67H1xu6dmaCuyXpXjXLsNPVjeLFszJZ30MAOwxRWz4dmA8VvEJZmLgJekojo2Q==",
      "cpu": [
        "x64"
      ],
      "license": "SEE LICENSE IN LICENSE.md",
      "optional": true,
      "os": [
        "darwin"
      ],
      "bin": {
        "copilot-darwin-x64": "copilot"
      }
    },
    "node_modules/@github/copilot-linux-arm64": {
      "version": "1.0.82",
      "resolved": "https://registry.npmjs.org/@github/copilot-linux-arm64/-/copilot-linux-arm64-1.0.82.tgz",
      "integrity": "sha512-YDQmh0F+GzWORPmNNxQdcjHcXHxcy08dhMhbAhu4cqtMeA2sZWQqhfk9mJhHppMm9U0uR7h0KAB6nsgw/8Bsuw==",
      "cpu": [
        "arm64"
      ],
      "libc": [
        "glibc"
      ],
      "license": "SEE LICENSE IN LICENSE.md",
      "optional": true,
      "os": [
        "linux"
      ],
      "bin": {
        "copilot-linux-arm64": "copilot"
      }
    },
    "node_modules/@github/copilot-linux-x64": {
      "version": "1.0.82",
      "resolved": "https://registry.npmjs.org/@github/copilot-linux-x64/-/copilot-linux-x64-1.0.82.tgz",
      "integrity": "sha512-vqmG9665ktgLHAkGKMjp4uVMdHqLxi8uS9zL+g2pMwZUPoM7JxkaSfOoeyYr99caF7J6VIJTWv4LdRNQyG5jrQ==",
      "cpu": [
        "x64"
      ],
      "libc": [
        "glibc"
      ],
      "license": "SEE LICENSE IN LICENSE.md",
      "optional": true,
      "os": [
        "linux"
      ],
      "bin": {
        "copilot-linux-x64": "copilot"
      }
    },
    "node_modules/@github/copilot-linuxmusl-arm64": {
      "version": "1.0.82",
      "resolved": "https://registry.npmjs.org/@github/copilot-linuxmusl-arm64/-/copilot-linuxmusl-arm64-1.0.82.tgz",
      "integrity": "sha512-14dWfa4rBME55bKmF+Z8V+WzZNgPQZKFFBQX+EOiAgLVV/arQCnQ1m7wwa5oXjQeCIgkS/L9J8uM8jNm6cZbOA==",
      "cpu": [
        "arm64"
      ],
      "libc": [
        "musl"
      ],
      "license": "SEE LICENSE IN LICENSE.md",
      "optional": true,
      "os": [
        "linux"
      ],
      "bin": {
        "copilot-linuxmusl-arm64": "copilot"
      }
    },
    "node_modules/@github/copilot-linuxmusl-x64": {
      "version": "1.0.82",
      "resolved": "https://registry.npmjs.org/@github/copilot-linuxmusl-x64/-/copilot-linuxmusl-x64-1.0.82.tgz",
      "integrity": "sha512-Mauqa2TBjtB8W/1KXF/jJ4MbtwnLvoEQNHYoSyoX+s+nIpttmixmYBJDwKV89ZlQRdjOCuxOgraRLQ9hjjXvNQ==",
      "cpu": [
        "x64"
      ],
      "libc": [
        "musl"
      ],
      "license": "SEE LICENSE IN LICENSE.md",
      "optional": true,
      "os": [
        "linux"
      ],
      "bin": {
        "copilot-linuxmusl-x64": "copilot"
      }
    },
    "node_modules/@github/copilot-sdk": {
      "version": "0.1.32",
      "resolved": "https://registry.npmjs.org/@github/copilot-sdk/-/copilot-sdk-0.1.32.tgz",
      "integrity": "sha512-mPWM0fw1Gqc/SW8nl45K8abrFH+92fO7y6tRtRl5imjS5hGapLf/dkX5WDrgPtlsflD0c41lFXVUri5NVJwtoA==",
      "license": "MIT",
      "dependencies": {
        "@github/copilot": "^1.0.2",
        "vscode-jsonrpc": "^8.2.1",
        "zod": "^4.3.6"
      },
      "engines": {
        "node": ">=20.0.0"
      }
    },
    "node_modules/@github/copilot-win32-arm64": {
      "version": "1.0.82",
      "resolved": "https://registry.npmjs.org/@github/copilot-win32-arm64/-/copilot-win32-arm64-1.0.82.tgz",
      "integrity": "sha512-PaW9s0GTgM+svtDkB583dZRrhLrO4o10y2ozMmQ0Hi5eB11C24UdC5U81nFlvKPED7+GlnBJIFQ+oHaxHrnp3A==",
      "cpu": [
        "arm64"
      ],
      "license": "SEE LICENSE IN LICENSE.md",
      "optional": true,
      "os": [
        "win32"
      ],
      "bin": {
        "copilot-win32-arm64": "copilot.exe"
      }
    },
    "node_modules/@github/copilot-win32-x64": {
      "version": "1.0.82",
      "resolved": "https://registry.npmjs.org/@github/copilot-win32-x64/-/copilot-win32-x64-1.0.82.tgz",
      "integrity": "sha512-m4iSROOMEPp1yRIQQwbnO0CDfwB4syESyHoeSLLFuynMR4/ApghAdyBrBQQcTKGsUu3R5rOE64RYlVmyKmuA9A==",
      "cpu": [
        "x64"
      ],
      "license": "SEE LICENSE IN LICENSE.md",
      "optional": true,
      "os": [
        "win32"
      ],
      "bin": {
        "copilot-win32-x64": "copilot.exe"
      }
    },
    "node_modules/detect-libc": {
      "version": "2.1.2",
      "resolved": "https://registry.npmjs.org/detect-libc/-/detect-libc-2.1.2.tgz",
      "integrity": "sha512-Btj2BOOO83o3WyH59e8MgXsxEQVcarkUOpEYrubB0urwnN10yQ364rsiByU11nZlqWYZm05i/of7io4mzihBtQ==",
      "license": "Apache-2.0",
      "engines": {
        "node": ">=8"
      }
    },
    "node_modules/vscode-jsonrpc": {
      "version": "8.2.1",
      "resolved": "https://registry.npmjs.org/vscode-jsonrpc/-/vscode-jsonrpc-8.2.1.tgz",
      "integrity": "sha512-kdjOSJ2lLIn7r1rtrMbbNCHjyMPfRnowdKjBQ+mGq6NAW5QY2bEZC/khaC5OR8svbbjvLEaIXkOq45e2X9BIbQ==",
      "license": "MIT",
      "engines": {
        "node": ">=14.0.0"
      }
    },
    "node_modules/zod": {
      "version": "4.3.6",
      "resolved": "https://registry.npmjs.org/zod/-/zod-4.3.6.tgz",
      "integrity": "sha512-rftlrkhHZOcjDwkGlnUtZZkvaPHCsDATp4pGpuOOMDaTdDDXF91wuVDJoWoPsKX/3YPQ5fHuF3STjcYyKr+Qhg==",
      "license": "MIT",
      "funding": {
        "url": "https://github.com/sponsors/colinhacks"
      }
    }
  }
}
